
Microsoft Visual Studio Solution File, Format Version 12.00
# Visual Studio Version 17
VisualStudioVersion = 17.7.34018.315
MinimumVisualStudioVersion = 10.0.40219.1
Project("{9A19103F-16F7-4668-BE54-9A1E7A4F7556}") = "WayTextGUI", "WayText\WayTextGUI.csproj", "{7EA9C2C9-06C3-4641-A37D-417C5A054AB9}"
EndProject
Global
	GlobalSection(SolutionConfigurationPlatforms) = preSolution
		Debug|Any CPU = Debug|Any CPU
		Release|Any CPU = Release|Any CPU
	EndGlobalSection
	GlobalSection(ProjectConfigurationPlatforms) = postSolution
		{7EA9C2C9-06C3-4641-A37D-417C5A054AB9}.Debug|Any CPU.ActiveCfg = Release|Any CPU
		{7EA9C2C9-06C3-4641-A37D-417C5A054AB9}.Debug|Any CPU.Build.0 = Release|Any CPU
		{7EA9C2C9-06C3-4641-A37D-417C5A054AB9}.Release|Any CPU.ActiveCfg = Release|Any CPU
		{7EA9C2C9-06C3-4641-A37D-417C5A054AB9}.Release|Any CPU.Build.0 = Release|Any CPU
	EndGlobalSection
	GlobalSection(SolutionProperties) = preSolution
		HideSolutionNode = FALSE
	EndGlobalSection
	GlobalSection(ExtensibilityGlobals) = postSolution
		SolutionGuid = {D0B55FD3-FEC3-40FB-A21E-496947656A85}
	EndGlobalSection
EndGlobal
